Microsoft Visual Studio Solution File, Format Version 12.00
# Visual Studio 15
VisualStudioVersion = 15.0.26430.12
MinimumVisualStudioVersion = 10.0.40219.1
Project("{2150E333-8FDC-42A3-9474-1A3956D46DE8}") = "src", "src", "{E8DD010C-3CD8-4892-8525-BFAFA46C3300}"
EndProject
Project("{2150E333-8FDC-42A3-9474-1A3956D46DE8}") = "test", "test", "{BEC173D4-48C4-47FA-94B1-A42C2399B46C}"
EndProject
Project("{9A19103F-16F7-4668-BE54-9A1E7A4F7556}") = "Abp.DataFilter", "src\Abp.DataFilter\Abp.DataFilter.csproj", "{A7CFB5F5-C73F-4424-BB16-2B2C6BE8CFD0}"
EndProject
Project("{9A19103F-16F7-4668-BE54-9A1E7A4F7556}") = "Abp.DataFilterTest", "Abp.DataFilterTest\Abp.DataFilterTest.csproj", "{EB0C69DD-B9A6-4489-A8B0-ACB09FA4AE5B}"
EndProject
Global
	GlobalSection(SolutionConfigurationPlatforms) = preSolution
		Debug|Any CPU = Debug|Any CPU
		Release|Any CPU = Release|Any CPU
	EndGlobalSection
	GlobalSection(ProjectConfigurationPlatforms) = postSolution
		{A7CFB5F5-C73F-4424-BB16-2B2C6BE8CFD0}.Debug|Any CPU.ActiveCfg = Debug|Any CPU
		{A7CFB5F5-C73F-4424-BB16-2B2C6BE8CFD0}.Debug|Any CPU.Build.0 = Debug|Any CPU
		{A7CFB5F5-C73F-4424-BB16-2B2C6BE8CFD0}.Release|Any CPU.ActiveCfg = Release|Any CPU
		{A7CFB5F5-C73F-4424-BB16-2B2C6BE8CFD0}.Release|Any CPU.Build.0 = Release|Any CPU
		{EB0C69DD-B9A6-4489-A8B0-ACB09FA4AE5B}.Debug|Any CPU.ActiveCfg = Debug|Any CPU
		{EB0C69DD-B9A6-4489-A8B0-ACB09FA4AE5B}.Debug|Any CPU.Build.0 = Debug|Any CPU
		{EB0C69DD-B9A6-4489-A8B0-ACB09FA4AE5B}.Release|Any CPU.ActiveCfg = Release|Any CPU
		{EB0C69DD-B9A6-4489-A8B0-ACB09FA4AE5B}.Release|Any CPU.Build.0 = Release|Any CPU
	EndGlobalSection
	GlobalSection(SolutionProperties) = preSolution
		HideSolutionNode = FALSE
	EndGlobalSection
	GlobalSection(NestedProjects) = preSolution
		{A7CFB5F5-C73F-4424-BB16-2B2C6BE8CFD0} = {E8DD010C-3CD8-4892-8525-BFAFA46C3300}
		{EB0C69DD-B9A6-4489-A8B0-ACB09FA4AE5B} = {BEC173D4-48C4-47FA-94B1-A42C2399B46C}
	EndGlobalSection
EndGlobal
