Microsoft Visual Studio Solution File, Format Version 12.00
# Visual Studio 15
VisualStudioVersion = 15.0.26430.12
MinimumVisualStudioVersion = 10.0.40219.1
Project("{2150E333-8FDC-42A3-9474-1A3956D46DE8}") = "src", "src", "{E8DD010C-3CD8-4892-8525-BFAFA46C3300}"
EndProject
Project("{2150E333-8FDC-42A3-9474-1A3956D46DE8}") = "test", "test", "{BEC173D4-48C4-47FA-94B1-A42C2399B46C}"
EndProject
Project("{9A19103F-16F7-4668-BE54-9A1E7A4F7556}") = "FluentFilter", "src\FluentFilter\FluentFilter.csproj", "{4C954C6C-1E7F-41FD-BE23-AC2B627F6B1D}"
EndProject
Project("{9A19103F-16F7-4668-BE54-9A1E7A4F7556}") = "FluentFilterTest", "test\FluentFilterTest\FluentFilterTest.csproj", "{F418B834-DCB6-4A2A-A5D4-BF1343A0FDF8}"
EndProject
Global
	GlobalSection(SolutionConfigurationPlatforms) = preSolution
		Debug|Any CPU = Debug|Any CPU
		Release|Any CPU = Release|Any CPU
	EndGlobalSection
	GlobalSection(ProjectConfigurationPlatforms) = postSolution
		{4C954C6C-1E7F-41FD-BE23-AC2B627F6B1D}.Debug|Any CPU.ActiveCfg = Debug|Any CPU
		{4C954C6C-1E7F-41FD-BE23-AC2B627F6B1D}.Debug|Any CPU.Build.0 = Debug|Any CPU
		{4C954C6C-1E7F-41FD-BE23-AC2B627F6B1D}.Release|Any CPU.ActiveCfg = Release|Any CPU
		{4C954C6C-1E7F-41FD-BE23-AC2B627F6B1D}.Release|Any CPU.Build.0 = Release|Any CPU
		{F418B834-DCB6-4A2A-A5D4-BF1343A0FDF8}.Debug|Any CPU.ActiveCfg = Debug|Any CPU
		{F418B834-DCB6-4A2A-A5D4-BF1343A0FDF8}.Debug|Any CPU.Build.0 = Debug|Any CPU
		{F418B834-DCB6-4A2A-A5D4-BF1343A0FDF8}.Release|Any CPU.ActiveCfg = Release|Any CPU
		{F418B834-DCB6-4A2A-A5D4-BF1343A0FDF8}.Release|Any CPU.Build.0 = Release|Any CPU
	EndGlobalSection
	GlobalSection(SolutionProperties) = preSolution
		HideSolutionNode = FALSE
	EndGlobalSection
	GlobalSection(NestedProjects) = preSolution
		{4C954C6C-1E7F-41FD-BE23-AC2B627F6B1D} = {E8DD010C-3CD8-4892-8525-BFAFA46C3300}
		{F418B834-DCB6-4A2A-A5D4-BF1343A0FDF8} = {BEC173D4-48C4-47FA-94B1-A42C2399B46C}
	EndGlobalSection
EndGlobal
