Microsoft Visual Studio Solution File, Format Version 12.00
# Visual Studio 15
VisualStudioVersion = 15.0.26430.12
MinimumVisualStudioVersion = 10.0.40219.1
Project("{2150E333-8FDC-42A3-9474-1A3956D46DE8}") = "src", "src", "{E8DD010C-3CD8-4892-8525-BFAFA46C3300}"
EndProject
Project("{2150E333-8FDC-42A3-9474-1A3956D46DE8}") = "test", "test", "{BEC173D4-48C4-47FA-94B1-A42C2399B46C}"
EndProject
Project("{9A19103F-16F7-4668-BE54-9A1E7A4F7556}") = "Fluent.DataFilter", "src\Fluent.DataFilter\Fluent.DataFilter.csproj", "{4C954C6C-1E7F-41FD-BE23-AC2B627F6B1D}"
EndProject
Project("{9A19103F-16F7-4668-BE54-9A1E7A4F7556}") = "Abp.DataFilter", "src\Abp.DataFilter\Abp.DataFilter.csproj", "{CC130247-F6EA-4196-B877-65634BEE07BB}"
EndProject
Project("{2150E333-8FDC-42A3-9474-1A3956D46DE8}") = "Shared", "Shared", "{B9A70EA3-35CA-43D7-99AA-8608D217D303}"
EndProject
Project("{FAE04EC0-301F-11D3-BF4B-00C04F79EFBC}") = "Fluent.DataFilter.Shared", "src\Fluent.DataFilter.Shared\Fluent.DataFilter.Shared.csproj", "{A8E707F5-C75C-4C92-8432-2A163E51BEB2}"
EndProject
Project("{2150E333-8FDC-42A3-9474-1A3956D46DE8}") = "Abp", "Abp", "{42AC313D-88A6-4385-B5E8-80DD8E86B255}"
EndProject
Project("{9A19103F-16F7-4668-BE54-9A1E7A4F7556}") = "Fluent.DataFilterTest", "test\Fluent.DataFilterTest\Fluent.DataFilterTest.csproj", "{F418B834-DCB6-4A2A-A5D4-BF1343A0FDF8}"
EndProject
Global
	GlobalSection(SolutionConfigurationPlatforms) = preSolution
		Debug|Any CPU = Debug|Any CPU
		Release|Any CPU = Release|Any CPU
	EndGlobalSection
	GlobalSection(ProjectConfigurationPlatforms) = postSolution
		{4C954C6C-1E7F-41FD-BE23-AC2B627F6B1D}.Debug|Any CPU.ActiveCfg = Debug|Any CPU
		{4C954C6C-1E7F-41FD-BE23-AC2B627F6B1D}.Debug|Any CPU.Build.0 = Debug|Any CPU
		{4C954C6C-1E7F-41FD-BE23-AC2B627F6B1D}.Release|Any CPU.ActiveCfg = Release|Any CPU
		{4C954C6C-1E7F-41FD-BE23-AC2B627F6B1D}.Release|Any CPU.Build.0 = Release|Any CPU
		{CC130247-F6EA-4196-B877-65634BEE07BB}.Debug|Any CPU.ActiveCfg = Debug|Any CPU
		{CC130247-F6EA-4196-B877-65634BEE07BB}.Debug|Any CPU.Build.0 = Debug|Any CPU
		{CC130247-F6EA-4196-B877-65634BEE07BB}.Release|Any CPU.ActiveCfg = Release|Any CPU
		{CC130247-F6EA-4196-B877-65634BEE07BB}.Release|Any CPU.Build.0 = Release|Any CPU
		{A8E707F5-C75C-4C92-8432-2A163E51BEB2}.Debug|Any CPU.ActiveCfg = Debug|Any CPU
		{A8E707F5-C75C-4C92-8432-2A163E51BEB2}.Debug|Any CPU.Build.0 = Debug|Any CPU
		{A8E707F5-C75C-4C92-8432-2A163E51BEB2}.Release|Any CPU.ActiveCfg = Release|Any CPU
		{A8E707F5-C75C-4C92-8432-2A163E51BEB2}.Release|Any CPU.Build.0 = Release|Any CPU
		{F418B834-DCB6-4A2A-A5D4-BF1343A0FDF8}.Debug|Any CPU.ActiveCfg = Debug|Any CPU
		{F418B834-DCB6-4A2A-A5D4-BF1343A0FDF8}.Debug|Any CPU.Build.0 = Debug|Any CPU
		{F418B834-DCB6-4A2A-A5D4-BF1343A0FDF8}.Release|Any CPU.ActiveCfg = Release|Any CPU
		{F418B834-DCB6-4A2A-A5D4-BF1343A0FDF8}.Release|Any CPU.Build.0 = Release|Any CPU
	EndGlobalSection
	GlobalSection(SolutionProperties) = preSolution
		HideSolutionNode = FALSE
	EndGlobalSection
	GlobalSection(NestedProjects) = preSolution
		{4C954C6C-1E7F-41FD-BE23-AC2B627F6B1D} = {E8DD010C-3CD8-4892-8525-BFAFA46C3300}
		{CC130247-F6EA-4196-B877-65634BEE07BB} = {42AC313D-88A6-4385-B5E8-80DD8E86B255}
		{B9A70EA3-35CA-43D7-99AA-8608D217D303} = {E8DD010C-3CD8-4892-8525-BFAFA46C3300}
		{A8E707F5-C75C-4C92-8432-2A163E51BEB2} = {B9A70EA3-35CA-43D7-99AA-8608D217D303}
		{42AC313D-88A6-4385-B5E8-80DD8E86B255} = {E8DD010C-3CD8-4892-8525-BFAFA46C3300}
		{F418B834-DCB6-4A2A-A5D4-BF1343A0FDF8} = {BEC173D4-48C4-47FA-94B1-A42C2399B46C}
	EndGlobalSection
EndGlobal
